
Microsoft Visual Studio Solution File, Format Version 12.00
# Visual Studio Version 16
VisualStudioVersion = 16.0.31702.278
MinimumVisualStudioVersion = 10.0.40219.1
Project("{9A19103F-16F7-4668-BE54-9A1E7A4F7556}") = "WebApiBooking", "WebApiBooking\WebApiBooking.csproj", "{4F5EE35B-7E30-4F08-BA42-01C8770C8CB0}"
EndProject
Project("{FAE04EC0-301F-11D3-BF4B-00C04F79EFBC}") = "WebApiBooking.Test", "WebApiBooking.Test\WebApiBooking.Test.csproj", "{353794A1-F330-4C83-B8F7-68FA2EB42D14}"
EndProject
Global
	GlobalSection(SolutionConfigurationPlatforms) = preSolution
		Debug|Any CPU = Debug|Any CPU
		Release|Any CPU = Release|Any CPU
	EndGlobalSection
	GlobalSection(ProjectConfigurationPlatforms) = postSolution
		{4F5EE35B-7E30-4F08-BA42-01C8770C8CB0}.Debug|Any CPU.ActiveCfg = Debug|Any CPU
		{4F5EE35B-7E30-4F08-BA42-01C8770C8CB0}.Debug|Any CPU.Build.0 = Debug|Any CPU
		{4F5EE35B-7E30-4F08-BA42-01C8770C8CB0}.Release|Any CPU.ActiveCfg = Release|Any CPU
		{4F5EE35B-7E30-4F08-BA42-01C8770C8CB0}.Release|Any CPU.Build.0 = Release|Any CPU
		{353794A1-F330-4C83-B8F7-68FA2EB42D14}.Debug|Any CPU.ActiveCfg = Debug|Any CPU
		{353794A1-F330-4C83-B8F7-68FA2EB42D14}.Debug|Any CPU.Build.0 = Debug|Any CPU
		{353794A1-F330-4C83-B8F7-68FA2EB42D14}.Release|Any CPU.ActiveCfg = Release|Any CPU
		{353794A1-F330-4C83-B8F7-68FA2EB42D14}.Release|Any CPU.Build.0 = Release|Any CPU
	EndGlobalSection
	GlobalSection(SolutionProperties) = preSolution
		HideSolutionNode = FALSE
	EndGlobalSection
	GlobalSection(ExtensibilityGlobals) = postSolution
		SolutionGuid = {1E27394A-7D82-4FC8-BD16-C97F81012BDC}
	EndGlobalSection
EndGlobal
